// !$*UTF8*$!
{
	archiveVersion = 1;
	classes = {
	};
	objectVersion = 46;
	objects = {

/* Begin PBXBuildFile section */
		3E69FFB21D29813D00EFF8D1 /* AppDelegate.swift in Sources */ = {isa = PBXBuildFile; fileRef = 3E69FFB11D29813D00EFF8D1 /* AppDelegate.swift */; };
		3E69FFB41D29813D00EFF8D1 /* ViewController.swift in Sources */ = {isa = PBXBuildFile; fileRef = 3E69FFB31D29813D00EFF8D1 /* ViewController.swift */; };
		3E69FFB71D29813D00EFF8D1 /* Main.storyboard in Resources */ = {isa = PBXBuildFile; fileRef = 3E69FFB51D29813D00EFF8D1 /* Main.storyboard */; };
		3E69FFB91D29813D00EFF8D1 /* Assets.xcassets in Resources */ = {isa = PBXBuildFile; fileRef = 3E69FFB81D29813D00EFF8D1 /* Assets.xcassets */; };
		3E69FFBC1D29813D00EFF8D1 /* LaunchScreen.storyboard in Resources */ = {isa = PBXBuildFile; fileRef = 3E69FFBA1D29813D00EFF8D1 /* LaunchScreen.storyboard */; };
		3E69FFC71D29813D00EFF8D1 /* WhatsInThis_Tests.swift in Sources */ = {isa = PBXBuildFile; fileRef = 3E69FFC61D29813D00EFF8D1 /* WhatsInThis_Tests.swift */; };
		3E69FFD21D29813D00EFF8D1 /* WhatsInThis_UITests.swift in Sources */ = {isa = PBXBuildFile; fileRef = 3E69FFD11D29813D00EFF8D1 /* WhatsInThis_UITests.swift */; };
/* End PBXBuildFile section */

/* Begin PBXContainerItemProxy section */
		3E69FFC31D29813D00EFF8D1 /* PBXContainerItemProxy */ = {
			isa = PBXContainerItemProxy;
			containerPortal = 3E69FFA61D29813C00EFF8D1 /* Project object */;
			proxyType = 1;
			remoteGlobalIDString = 3E69FFAD1D29813D00EFF8D1;
			remoteInfo = "WhatsInThis?";
		};
		3E69FFCE1D29813D00EFF8D1 /* PBXContainerItemProxy */ = {
			isa = PBXContainerItemProxy;
			containerPortal = 3E69FFA61D29813C00EFF8D1 /* Project object */;
			proxyType = 1;
			remoteGlobalIDString = 3E69FFAD1D29813D00EFF8D1;
			remoteInfo = "WhatsInThis?";
		};
/* End PBXContainerItemProxy section */

/* Begin PBXFileReference section */
		3E69FFAE1D29813D00EFF8D1 /* WhatsInThis?.app */ = {isa = PBXFileReference; explicitFileType = wrapper.application; includeInIndex = 0; path = "WhatsInThis?.app"; sourceTree = BUILT_PRODUCTS_DIR; };
		3E69FFB11D29813D00EFF8D1 /* AppDelegate.swift */ = {isa = PBXFileReference; lastKnownFileType = sourcecode.swift; path = AppDelegate.swift; sourceTree = "<group>"; };
		3E69FFB31D29813D00EFF8D1 /* ViewController.swift */ = {isa = PBXFileReference; lastKnownFileType = sourcecode.swift; path = ViewController.swift; sourceTree = "<group>"; };
		3E69FFB61D29813D00EFF8D1 /* Base */ = {isa = PBXFileReference; lastKnownFileType = file.storyboard; name = Base; path = Base.lproj/Main.storyboard; sourceTree = "<group>"; };
		3E69FFB81D29813D00EFF8D1 /* Assets.xcassets */ = {isa = PBXFileReference; lastKnownFileType = folder.assetcatalog; path = Assets.xcassets; sourceTree = "<group>"; };
		3E69FFBB1D29813D00EFF8D1 /* Base */ = {isa = PBXFileReference; lastKnownFileType = file.storyboard; name = Base; path = Base.lproj/LaunchScreen.storyboard; sourceTree = "<group>"; };
		3E69FFBD1D29813D00EFF8D1 /* Info.plist */ = {isa = PBXFileReference; lastKnownFileType = text.plist.xml; path = Info.plist; sourceTree = "<group>"; };
		3E69FFC21D29813D00EFF8D1 /* WhatsInThis?Tests.xctest */ = {isa = PBXFileReference; explicitFileType = wrapper.cfbundle; includeInIndex = 0; path = "WhatsInThis?Tests.xctest"; sourceTree = BUILT_PRODUCTS_DIR; };
		3E69FFC61D29813D00EFF8D1 /* WhatsInThis_Tests.swift */ = {isa = PBXFileReference; lastKnownFileType = sourcecode.swift; path = WhatsInThis_Tests.swift; sourceTree = "<group>"; };
		3E69FFC81D29813D00EFF8D1 /* Info.plist */ = {isa = PBXFileReference; lastKnownFileType = text.plist.xml; path = Info.plist; sourceTree = "<group>"; };
		3E69FFCD1D29813D00EFF8D1 /* WhatsInThis?UITests.xctest */ = {isa = PBXFileReference; explicitFileType = wrapper.cfbundle; includeInIndex = 0; path = "WhatsInThis?UITests.xctest"; sourceTree = BUILT_PRODUCTS_DIR; };
		3E69FFD11D29813D00EFF8D1 /* WhatsInThis_UITests.swift */ = {isa = PBXFileReference; lastKnownFileType = sourcecode.swift; path = WhatsInThis_UITests.swift; sourceTree = "<group>"; };
		3E69FFD31D29813D00EFF8D1 /* Info.plist */ = {isa = PBXFileReference; lastKnownFileType = text.plist.xml; path = Info.plist; sourceTree = "<group>"; };
/* End PBXFileReference section */

/* Begin PBXFrameworksBuildPhase section */
		3E69FFAB1D29813D00EFF8D1 /* Frameworks */ = {
			isa = PBXFrameworksBuildPhase;
			buildActionMask = 2147483647;
			files = (
			);
			runOnlyForDeploymentPostprocessing = 0;
		};
		3E69FFBF1D29813D00EFF8D1 /* Frameworks */ = {
			isa = PBXFrameworksBuildPhase;
			buildActionMask = 2147483647;
			files = (
			);
			runOnlyForDeploymentPostprocessing = 0;
		};
		3E69FFCA1D29813D00EFF8D1 /* Frameworks */ = {
			isa = PBXFrameworksBuildPhase;
			buildActionMask = 2147483647;
			files = (
			);
			runOnlyForDeploymentPostprocessing = 0;
		};
/* End PBXFrameworksBuildPhase section */

/* Begin PBXGroup section */
		3E69FFA51D29813C00EFF8D1 = {
			isa = PBXGroup;
			children = (
				3E69FFB01D29813D00EFF8D1 /* WhatsInThis? */,
				3E69FFC51D29813D00EFF8D1 /* WhatsInThis?Tests */,
				3E69FFD01D29813D00EFF8D1 /* WhatsInThis?UITests */,
				3E69FFAF1D29813D00EFF8D1 /* Products */,
			);
			sourceTree = "<group>";
		};
		3E69FFAF1D29813D00EFF8D1 /* Products */ = {
			isa = PBXGroup;
			children = (
				3E69FFAE1D29813D00EFF8D1 /* WhatsInThis?.app */,
				3E69FFC21D29813D00EFF8D1 /* WhatsInThis?Tests.xctest */,
				3E69FFCD1D29813D00EFF8D1 /* WhatsInThis?UITests.xctest */,
			);
			name = Products;
			sourceTree = "<group>";
		};
		3E69FFB01D29813D00EFF8D1 /* WhatsInThis? */ = {
			isa = PBXGroup;
			children = (
				3E69FFB11D29813D00EFF8D1 /* AppDelegate.swift */,
				3E69FFB31D29813D00EFF8D1 /* ViewController.swift */,
				3E69FFB51D29813D00EFF8D1 /* Main.storyboard */,
				3E69FFB81D29813D00EFF8D1 /* Assets.xcassets */,
				3E69FFBA1D29813D00EFF8D1 /* LaunchScreen.storyboard */,
				3E69FFBD1D29813D00EFF8D1 /* Info.plist */,
			);
			path = "WhatsInThis?";
			sourceTree = "<group>";
		};
		3E69FFC51D29813D00EFF8D1 /* WhatsInThis?Tests */ = {
			isa = PBXGroup;
			children = (
				3E69FFC61D29813D00EFF8D1 /* WhatsInThis_Tests.swift */,
				3E69FFC81D29813D00EFF8D1 /* Info.plist */,
			);
			path = "WhatsInThis?Tests";
			sourceTree = "<group>";
		};
		3E69FFD01D29813D00EFF8D1 /* WhatsInThis?UITests */ = {
			isa = PBXGroup;
			children = (
				3E69FFD11D29813D00EFF8D1 /* WhatsInThis_UITests.swift */,
				3E69FFD31D29813D00EFF8D1 /* Info.plist */,
			);
			path = "WhatsInThis?UITests";
			sourceTree = "<group>";
		};
/* End PBXGroup section */

/* Begin PBXNativeTarget section */
		3E69FFAD1D29813D00EFF8D1 /* WhatsInThis? */ = {
			isa = PBXNativeTarget;
			buildConfigurationList = 3E69FFD61D29813D00EFF8D1 /* Build configuration list for PBXNativeTarget "WhatsInThis?" */;
			buildPhases = (
				3E69FFAA1D29813D00EFF8D1 /* Sources */,
				3E69FFAB1D29813D00EFF8D1 /* Frameworks */,
				3E69FFAC1D29813D00EFF8D1 /* Resources */,
			);
			buildRules = (
			);
			dependencies = (
			);
			name = "WhatsInThis?";
			productName = "WhatsInThis?";
			productReference = 3E69FFAE1D29813D00EFF8D1 /* WhatsInThis?.app */;
			productType = "com.apple.product-type.application";
		};
		3E69FFC11D29813D00EFF8D1 /* WhatsInThis?Tests */ = {
			isa = PBXNativeTarget;
			buildConfigurationList = 3E69FFD91D29813D00EFF8D1 /* Build configuration list for PBXNativeTarget "WhatsInThis?Tests" */;
			buildPhases = (
				3E69FFBE1D29813D00EFF8D1 /* Sources */,
				3E69FFBF1D29813D00EFF8D1 /* Frameworks */,
				3E69FFC01D29813D00EFF8D1 /* Resources */,
			);
			buildRules = (
			);
			dependencies = (
				3E69FFC41D29813D00EFF8D1 /* PBXTargetDependency */,
			);
			name = "WhatsInThis?Tests";
			productName = "WhatsInThis?Tests";
			productReference = 3E69FFC21D29813D00EFF8D1 /* WhatsInThis?Tests.xctest */;
			productType = "com.apple.product-type.bundle.unit-test";
		};
		3E69FFCC1D29813D00EFF8D1 /* WhatsInThis?UITests */ = {
			isa = PBXNativeTarget;
			buildConfigurationList = 3E69FFDC1D29813D00EFF8D1 /* Build configuration list for PBXNativeTarget "WhatsInThis?UITests" */;
			buildPhases = (
				3E69FFC91D29813D00EFF8D1 /* Sources */,
				3E69FFCA1D29813D00EFF8D1 /* Frameworks */,
				3E69FFCB1D29813D00EFF8D1 /* Resources */,
			);
			buildRules = (
			);
			dependencies = (
				3E69FFCF1D29813D00EFF8D1 /* PBXTargetDependency */,
			);
			name = "WhatsInThis?UITests";
			productName = "WhatsInThis?UITests";
			productReference = 3E69FFCD1D29813D00EFF8D1 /* WhatsInThis?UITests.xctest */;
			productType = "com.apple.product-type.bundle.ui-testing";
		};
/* End PBXNativeTarget section */

/* Begin PBXProject section */
		3E69FFA61D29813C00EFF8D1 /* Project object */ = {
			isa = PBXProject;
			attributes = {
				LastSwiftUpdateCheck = 0730;
				LastUpgradeCheck = 0730;
				ORGANIZATIONNAME = "Halvorsen Games";
				TargetAttributes = {
					3E69FFAD1D29813D00EFF8D1 = {
						CreatedOnToolsVersion = 7.3;
						DevelopmentTeam = T5TJB2G8W7;
					};
					3E69FFC11D29813D00EFF8D1 = {
						CreatedOnToolsVersion = 7.3;
						DevelopmentTeam = T5TJB2G8W7;
						TestTargetID = 3E69FFAD1D29813D00EFF8D1;
					};
					3E69FFCC1D29813D00EFF8D1 = {
						CreatedOnToolsVersion = 7.3;
						DevelopmentTeam = T5TJB2G8W7;
						TestTargetID = 3E69FFAD1D29813D00EFF8D1;
					};
				};
			};
			buildConfigurationList = 3E69FFA91D29813C00EFF8D1 /* Build configuration list for PBXProject "WhatsInThis?" */;
			compatibilityVersion = "Xcode 3.2";
			developmentRegion = English;
			hasScannedForEncodings = 0;
			knownRegions = (
				en,
				Base,
			);
			mainGroup = 3E69FFA51D29813C00EFF8D1;
			productRefGroup = 3E69FFAF1D29813D00EFF8D1 /* Products */;
			projectDirPath = "";
			projectRoot = "";
			targets = (
				3E69FFAD1D29813D00EFF8D1 /* WhatsInThis? */,
				3E69FFC11D29813D00EFF8D1 /* WhatsInThis?Tests */,
				3E69FFCC1D29813D00EFF8D1 /* WhatsInThis?UITests */,
			);
		};
/* End PBXProject section */

/* Begin PBXResourcesBuildPhase section */
		3E69FFAC1D29813D00EFF8D1 /* Resources */ = {
			isa = PBXResourcesBuildPhase;
			buildActionMask = 2147483647;
			files = (
				3E69FFBC1D29813D00EFF8D1 /* LaunchScreen.storyboard in Resources */,
				3E69FFB91D29813D00EFF8D1 /* Assets.xcassets in Resources */,
				3E69FFB71D29813D00EFF8D1 /* Main.storyboard in Resources */,
			);
			runOnlyForDeploymentPostprocessing = 0;
		};
		3E69FFC01D29813D00EFF8D1 /* Resources */ = {
			isa = PBXResourcesBuildPhase;
			buildActionMask = 2147483647;
			files = (
			);
			runOnlyForDeploymentPostprocessing = 0;
		};
		3E69FFCB1D29813D00EFF8D1 /* Resources */ = {
			isa = PBXResourcesBuildPhase;
			buildActionMask = 2147483647;
			files = (
			);
			runOnlyForDeploymentPostprocessing = 0;
		};
/* End PBXResourcesBuildPhase section */

/* Begin PBXSourcesBuildPhase section */
		3E69FFAA1D29813D00EFF8D1 /* Sources */ = {
			isa = PBXSourcesBuildPhase;
			buildActionMask = 2147483647;
			files = (
				3E69FFB41D29813D00EFF8D1 /* ViewController.swift in Sources */,
				3E69FFB21D29813D00EFF8D1 /* AppDelegate.swift in Sources */,
			);
			runOnlyForDeploymentPostprocessing = 0;
		};
		3E69FFBE1D29813D00EFF8D1 /* Sources */ = {
			isa = PBXSourcesBuildPhase;
			buildActionMask = 2147483647;
			files = (
				3E69FFC71D29813D00EFF8D1 /* WhatsInThis_Tests.swift in Sources */,
			);
			runOnlyForDeploymentPostprocessing = 0;
		};
		3E69FFC91D29813D00EFF8D1 /* Sources */ = {
			isa = PBXSourcesBuildPhase;
			buildActionMask = 2147483647;
			files = (
				3E69FFD21D29813D00EFF8D1 /* WhatsInThis_UITests.swift in Sources */,
			);
			runOnlyForDeploymentPostprocessing = 0;
		};
/* End PBXSourcesBuildPhase section */

/* Begin PBXTargetDependency section */
		3E69FFC41D29813D00EFF8D1 /* PBXTargetDependency */ = {
			isa = PBXTargetDependency;
			target = 3E69FFAD1D29813D00EFF8D1 /* WhatsInThis? */;
			targetProxy = 3E69FFC31D29813D00EFF8D1 /* PBXContainerItemProxy */;
		};
		3E69FFCF1D29813D00EFF8D1 /* PBXTargetDependency */ = {
			isa = PBXTargetDependency;
			target = 3E69FFAD1D29813D00EFF8D1 /* WhatsInThis? */;
			targetProxy = 3E69FFCE1D29813D00EFF8D1 /* PBXContainerItemProxy */;
		};
/* End PBXTargetDependency section */

/* Begin PBXVariantGroup section */
		3E69FFB51D29813D00EFF8D1 /* Main.storyboard */ = {
			isa = PBXVariantGroup;
			children = (
				3E69FFB61D29813D00EFF8D1 /* Base */,
			);
			name = Main.storyboard;
			sourceTree = "<group>";
		};
		3E69FFBA1D29813D00EFF8D1 /* LaunchScreen.storyboard */ = {
			isa = PBXVariantGroup;
			children = (
				3E69FFBB1D29813D00EFF8D1 /* Base */,
			);
			name = LaunchScreen.storyboard;
			sourceTree = "<group>";
		};
/* End PBXVariantGroup section */

/* Begin XCBuildConfiguration section */
		3E69FFD41D29813D00EFF8D1 /* Debug */ = {
			isa = XCBuildConfiguration;
			buildSettings = {
				ALWAYS_SEARCH_USER_PATHS = NO;
				CLANG_ANALYZER_NONNULL = YES;
				CLANG_CXX_LANGUAGE_STANDARD = "gnu++0x";
				CLANG_CXX_LIBRARY = "libc++";
				CLANG_ENABLE_MODULES = YES;
				CLANG_ENABLE_OBJC_ARC = YES;
				CLANG_WARN_BOOL_CONVERSION = YES;
				CLANG_WARN_CONSTANT_CONVERSION = YES;
				CLANG_WARN_DIRECT_OBJC_ISA_USAGE = YES_ERROR;
				CLANG_WARN_EMPTY_BODY = YES;
				CLANG_WARN_ENUM_CONVERSION = YES;
				CLANG_WARN_INT_CONVERSION = YES;
				CLANG_WARN_OBJC_ROOT_CLASS = YES_ERROR;
				CLANG_WARN_UNREACHABLE_CODE = YES;
				CLANG_WARN__DUPLICATE_METHOD_MATCH = YES;
				"CODE_SIGN_IDENTITY[sdk=iphoneos*]" = "iPhone Developer";
				COPY_PHASE_STRIP = NO;
				DEBUG_INFORMATION_FORMAT = dwarf;
				ENABLE_STRICT_OBJC_MSGSEND = YES;
				ENABLE_TESTABILITY = YES;
				GCC_C_LANGUAGE_STANDARD = gnu99;
				GCC_DYNAMIC_NO_PIC = NO;
				GCC_NO_COMMON_BLOCKS = YES;
				GCC_OPTIMIZATION_LEVEL = 0;
				GCC_PREPROCESSOR_DEFINITIONS = (
					"DEBUG=1",
					"$(inherited)",
				);
				GCC_WARN_64_TO_32_BIT_CONVERSION = YES;
				GCC_WARN_ABOUT_RETURN_TYPE = YES_ERROR;
				GCC_WARN_UNDECLARED_SELECTOR = YES;
				GCC_WARN_UNINITIALIZED_AUTOS = YES_AGGRESSIVE;
				GCC_WARN_UNUSED_FUNCTION = YES;
				GCC_WARN_UNUSED_VARIABLE = YES;
				IPHONEOS_DEPLOYMENT_TARGET = 9.3;
				MTL_ENABLE_DEBUG_INFO = YES;
				ONLY_ACTIVE_ARCH = YES;
				SDKROOT = iphoneos;
				SWIFT_OPTIMIZATION_LEVEL = "-Onone";
				TARGETED_DEVICE_FAMILY = "1,2";
			};
			name = Debug;
		};
		3E69FFD51D29813D00EFF8D1 /* Release */ = {
			isa = XCBuildConfiguration;
			buildSettings = {
				ALWAYS_SEARCH_USER_PATHS = NO;
				CLANG_ANALYZER_NONNULL = YES;
				CLANG_CXX_LANGUAGE_STANDARD = "gnu++0x";
				CLANG_CXX_LIBRARY = "libc++";
				CLANG_ENABLE_MODULES = YES;
				CLANG_ENABLE_OBJC_ARC = YES;
				CLANG_WARN_BOOL_CONVERSION = YES;
				CLANG_WARN_CONSTANT_CONVERSION = YES;
				CLANG_WARN_DIRECT_OBJC_ISA_USAGE = YES_ERROR;
				CLANG_WARN_EMPTY_BODY = YES;
				CLANG_WARN_ENUM_CONVERSION = YES;
				CLANG_WARN_INT_CONVERSION = YES;
				CLANG_WARN_OBJC_ROOT_CLASS = YES_ERROR;
				CLANG_WARN_UNREACHABLE_CODE = YES;
				CLANG_WARN__DUPLICATE_METHOD_MATCH = YES;
				"CODE_SIGN_IDENTITY[sdk=iphoneos*]" = "iPhone Developer";
				COPY_PHASE_STRIP = NO;
				DEBUG_INFORMATION_FORMAT = "dwarf-with-dsym";
				ENABLE_NS_ASSERTIONS = NO;
				ENABLE_STRICT_OBJC_MSGSEND = YES;
				GCC_C_LANGUAGE_STANDARD = gnu99;
				GCC_NO_COMMON_BLOCKS = YES;
				GCC_WARN_64_TO_32_BIT_CONVERSION = YES;
				GCC_WARN_ABOUT_RETURN_TYPE = YES_ERROR;
				GCC_WARN_UNDECLARED_SELECTOR = YES;
				GCC_WARN_UNINITIALIZED_AUTOS = YES_AGGRESSIVE;
				GCC_WARN_UNUSED_FUNCTION = YES;
				GCC_WARN_UNUSED_VARIABLE = YES;
				IPHONEOS_DEPLOYMENT_TARGET = 9.3;
				MTL_ENABLE_DEBUG_INFO = NO;
				SDKROOT = iphoneos;
				TARGETED_DEVICE_FAMILY = "1,2";
				VALIDATE_PRODUCT = YES;
			};
			name = Release;
		};
		3E69FFD71D29813D00EFF8D1 /* Debug */ = {
			isa = XCBuildConfiguration;
			buildSettings = {
				ASSETCATALOG_COMPILER_APPICON_NAME = AppIcon;
				INFOPLIST_FILE = "WhatsInThis?/Info.plist";
				LD_RUNPATH_SEARCH_PATHS = "$(inherited) @executable_path/Frameworks";
				PRODUCT_BUNDLE_IDENTIFIER = "com.halvorsengames.WhatsInThis-";
				PRODUCT_NAME = "$(TARGET_NAME)";
			};
			name = Debug;
		};
		3E69FFD81D29813D00EFF8D1 /* Release */ = {
			isa = XCBuildConfiguration;
			buildSettings = {
				ASSETCATALOG_COMPILER_APPICON_NAME = AppIcon;
				INFOPLIST_FILE = "WhatsInThis?/Info.plist";
				LD_RUNPATH_SEARCH_PATHS = "$(inherited) @executable_path/Frameworks";
				PRODUCT_BUNDLE_IDENTIFIER = "com.halvorsengames.WhatsInThis-";
				PRODUCT_NAME = "$(TARGET_NAME)";
			};
			name = Release;
		};
		3E69FFDA1D29813D00EFF8D1 /* Debug */ = {
			isa = XCBuildConfiguration;
			buildSettings = {
				BUNDLE_LOADER = "$(TEST_HOST)";
				INFOPLIST_FILE = "WhatsInThis?Tests/Info.plist";
				LD_RUNPATH_SEARCH_PATHS = "$(inherited) @executable_path/Frameworks @loader_path/Frameworks";
				PRODUCT_BUNDLE_IDENTIFIER = "com.halvorsengames.WhatsInThis-Tests";
				PRODUCT_NAME = "$(TARGET_NAME)";
				TEST_HOST = "$(BUILT_PRODUCTS_DIR)/WhatsInThis?.app/WhatsInThis?";
			};
			name = Debug;
		};
		3E69FFDB1D29813D00EFF8D1 /* Release */ = {
			isa = XCBuildConfiguration;
			buildSettings = {
				BUNDLE_LOADER = "$(TEST_HOST)";
				INFOPLIST_FILE = "WhatsInThis?Tests/Info.plist";
				LD_RUNPATH_SEARCH_PATHS = "$(inherited) @executable_path/Frameworks @loader_path/Frameworks";
				PRODUCT_BUNDLE_IDENTIFIER = "com.halvorsengames.WhatsInThis-Tests";
				PRODUCT_NAME = "$(TARGET_NAME)";
				TEST_HOST = "$(BUILT_PRODUCTS_DIR)/WhatsInThis?.app/WhatsInThis?";
			};
			name = Release;
		};
		3E69FFDD1D29813D00EFF8D1 /* Debug */ = {
			isa = XCBuildConfiguration;
			buildSettings = {
				INFOPLIST_FILE = "WhatsInThis?UITests/Info.plist";
				LD_RUNPATH_SEARCH_PATHS = "$(inherited) @executable_path/Frameworks @loader_path/Frameworks";
				PRODUCT_BUNDLE_IDENTIFIER = "com.halvorsengames.WhatsInThis-UITests";
				PRODUCT_NAME = "$(TARGET_NAME)";
				TEST_TARGET_NAME = "WhatsInThis?";
			};
			name = Debug;
		};
		3E69FFDE1D29813D00EFF8D1 /* Release */ = {
			isa = XCBuildConfiguration;
			buildSettings = {
				INFOPLIST_FILE = "WhatsInThis?UITests/Info.plist";
				LD_RUNPATH_SEARCH_PATHS = "$(inherited) @executable_path/Frameworks @loader_path/Frameworks";
				PRODUCT_BUNDLE_IDENTIFIER = "com.halvorsengames.WhatsInThis-UITests";
				PRODUCT_NAME = "$(TARGET_NAME)";
				TEST_TARGET_NAME = "WhatsInThis?";
			};
			name = Release;
		};
/* End XCBuildConfiguration section */

/* Begin XCConfigurationList section */
		3E69FFA91D29813C00EFF8D1 /* Build configuration list for PBXProject "WhatsInThis?" */ = {
			isa = XCConfigurationList;
			buildConfigurations = (
				3E69FFD41D29813D00EFF8D1 /* Debug */,
				3E69FFD51D29813D00EFF8D1 /* Release */,
			);
			defaultConfigurationIsVisible = 0;
			defaultConfigurationName = Release;
		};
		3E69FFD61D29813D00EFF8D1 /* Build configuration list for PBXNativeTarget "WhatsInThis?" */ = {
			isa = XCConfigurationList;
			buildConfigurations = (
				3E69FFD71D29813D00EFF8D1 /* Debug */,
				3E69FFD81D29813D00EFF8D1 /* Release */,
			);
			defaultConfigurationIsVisible = 0;
		};
		3E69FFD91D29813D00EFF8D1 /* Build configuration list for PBXNativeTarget "WhatsInThis?Tests" */ = {
			isa = XCConfigurationList;
			buildConfigurations = (
				3E69FFDA1D29813D00EFF8D1 /* Debug */,
				3E69FFDB1D29813D00EFF8D1 /* Release */,
			);
			defaultConfigurationIsVisible = 0;
		};
		3E69FFDC1D29813D00EFF8D1 /* Build configuration list for PBXNativeTarget "WhatsInThis?UITests" */ = {
			isa = XCConfigurationList;
			buildConfigurations = (
				3E69FFDD1D29813D00EFF8D1 /* Debug */,
				3E69FFDE1D29813D00EFF8D1 /* Release */,
			);
			defaultConfigurationIsVisible = 0;
		};
/* End XCConfigurationList section */
	};
	rootObject = 3E69FFA61D29813C00EFF8D1 /* Project object */;
}
